
Microsoft Visual Studio Solution File, Format Version 10.00
# Visual Studio 2008
Project("{8BC9CEB8-8B4A-11D0-8D11-00A0C91BC942}") = "Server", "Server\Server.vcproj", "{F5F830A2-2047-4696-9C54-E43BD4EABD2B}"
EndProject
Global
	GlobalSection(SolutionConfigurationPlatforms) = preSolution
		Debug|Win32 = Debug|Win32
		Release|Win32 = Release|Win32
	EndGlobalSection
	GlobalSection(ProjectConfigurationPlatforms) = postSolution
		{F5F830A2-2047-4696-9C54-E43BD4EABD2B}.Debug|Win32.ActiveCfg = Debug|Win32
		{F5F830A2-2047-4696-9C54-E43BD4EABD2B}.Debug|Win32.Build.0 = Debug|Win32
		{F5F830A2-2047-4696-9C54-E43BD4EABD2B}.Release|Win32.ActiveCfg = Release|Win32
		{F5F830A2-2047-4696-9C54-E43BD4EABD2B}.Release|Win32.Build.0 = Release|Win32
	EndGlobalSection
	GlobalSection(SolutionProperties) = preSolution
		HideSolutionNode = FALSE
	EndGlobalSection
EndGlobal
